
Microsoft Visual Studio Solution File, Format Version 12.00
# Visual Studio Version 18
VisualStudioVersion = 18.0.11201.2
MinimumVisualStudioVersion = 10.0.40219.1
Project("{2150E333-8FDC-42A3-9474-1A3956D46DE8}") = "Libs", "Libs", "{02EA681E-C7D8-13C7-8484-4AC65E1B71E8}"
EndProject
Project("{2150E333-8FDC-42A3-9474-1A3956D46DE8}") = "Apps", "Apps", "{58AC2173-5D68-4A43-8F25-F0E9A3284E45}"
EndProject
Project("{2150E333-8FDC-42A3-9474-1A3956D46DE8}") = "Tests", "Tests", "{CECD2B3A-8036-4A1C-B9E1-E74E6E8691E2}"
EndProject
Project("{2150E333-8FDC-42A3-9474-1A3956D46DE8}") = "Commons", "Commons", "{C3833F36-F30D-4E1B-9097-21E555ECD539}"
EndProject
Project("{FAE04EC0-301F-11D3-BF4B-00C04F79EFBC}") = "RoyalCode.Razor.Styles", "RoyalCode.Razor.Styles\RoyalCode.Razor.Styles.csproj", "{71E3CEF4-9446-4FAD-B80A-65B97F47DDB0}"
EndProject
Project("{2150E333-8FDC-42A3-9474-1A3956D46DE8}") = ".items", ".items", "{8EC462FD-D22E-90A8-E5CE-7E832BA40C5D}"
	ProjectSection(SolutionItems) = preProject
		Directory.Build.props = Directory.Build.props
		icon.png = icon.png
		pack.targets = pack.targets
		README.md = README.md
		test.targets = test.targets
	EndProjectSection
EndProject
Project("{FAE04EC0-301F-11D3-BF4B-00C04F79EFBC}") = "RoyalCode.Razor.Commons", "RoyalCode.Razor.Commons\RoyalCode.Razor.Commons.csproj", "{143BDEEA-FD5B-4B80-9ACC-B3B0118C12D5}"
EndProject
Project("{FAE04EC0-301F-11D3-BF4B-00C04F79EFBC}") = "RoyalCode.Razor.Layouts", "RoyalCode.Razor.Layouts\RoyalCode.Razor.Layouts.csproj", "{0F7F46AA-E855-4AEE-8B65-EA49312269C2}"
EndProject
Project("{2150E333-8FDC-42A3-9474-1A3956D46DE8}") = "Show", "Show", "{7CA7075F-4D75-4978-BD94-B43A04533E08}"
EndProject
Project("{FAE04EC0-301F-11D3-BF4B-00C04F79EFBC}") = "RoyalCode.Razor.Show", "RoyalCode.Razor.Show\RoyalCode.Razor.Show.csproj", "{20F18FEC-ED2B-4E8E-9364-778F87A841D3}"
EndProject
Project("{FAE04EC0-301F-11D3-BF4B-00C04F79EFBC}") = "RoyalCode.Razor.Docs", "RoyalCode.Razor.Docs\RoyalCode.Razor.Docs\RoyalCode.Razor.Docs.csproj", "{81DD8F7D-6D03-4C33-A74B-6471259A7352}"
EndProject
Project("{FAE04EC0-301F-11D3-BF4B-00C04F79EFBC}") = "RoyalCode.Razor.Docs.Client", "RoyalCode.Razor.Docs\RoyalCode.Razor.Docs.Client\RoyalCode.Razor.Docs.Client.csproj", "{A885FFDF-A626-4F82-896B-CCF2ED204C62}"
EndProject
Project("{2150E333-8FDC-42A3-9474-1A3956D46DE8}") = "Components", "Components", "{947DDA3F-95F0-4F01-9AC1-43C874779423}"
EndProject
Project("{FAE04EC0-301F-11D3-BF4B-00C04F79EFBC}") = "RoyalCode.Razor.Icons", "RoyalCode.Razor.Icons\RoyalCode.Razor.Icons.csproj", "{40875B65-8424-47E7-AA58-D718EA6A9D1E}"
EndProject
Project("{FAE04EC0-301F-11D3-BF4B-00C04F79EFBC}") = "RoyalCode.Razor.Icons.Bootstrap", "RoyalCode.Razor.Icons.Bootstrap\RoyalCode.Razor.Icons.Bootstrap.csproj", "{D0CFC105-690C-42D6-B442-96A5F81D7347}"
EndProject
Project("{FAE04EC0-301F-11D3-BF4B-00C04F79EFBC}") = "RoyalCode.Razor.Buttons", "RoyalCode.Razor.Buttons\RoyalCode.Razor.Buttons.csproj", "{82C2A91A-119B-4F6A-B3E2-665CA99B114B}"
EndProject
Project("{FAE04EC0-301F-11D3-BF4B-00C04F79EFBC}") = "RoyalCode.Razor.Animations", "RoyalCode.Razor.Animations\RoyalCode.Razor.Animations.csproj", "{8FAA1281-8795-44A7-9452-A3C5A8F30E2C}"
EndProject
Project("{FAE04EC0-301F-11D3-BF4B-00C04F79EFBC}") = "RoyalCode.Razor.Buttons.Tests", "RoyalCode.Razor.Buttons.Tests\RoyalCode.Razor.Buttons.Tests.csproj", "{59EBB488-3043-439C-9159-7E6870F6E204}"
EndProject
Project("{FAE04EC0-301F-11D3-BF4B-00C04F79EFBC}") = "RoyalCode.Razor.OffCanvas", "RoyalCode.Razor.OffCanvas\RoyalCode.Razor.OffCanvas.csproj", "{667C3378-1D69-416D-AB78-B8EF08ED361C}"
EndProject
Project("{FAE04EC0-301F-11D3-BF4B-00C04F79EFBC}") = "RoyalCode.Razor.Modals", "RoyalCode.Razor.Modals\RoyalCode.Razor.Modals.csproj", "{D0DB57D2-093E-488A-956C-D83514B4861A}"
EndProject
Project("{FAE04EC0-301F-11D3-BF4B-00C04F79EFBC}") = "RoyalCode.Razor.Commons.Tests", "RoyalCode.Razor.Commons.Tests\RoyalCode.Razor.Commons.Tests.csproj", "{D262F57A-23ED-4F6A-A9E5-AF8F53E4CE24}"
EndProject
Global
	GlobalSection(SolutionConfigurationPlatforms) = preSolution
		Debug|Any CPU = Debug|Any CPU
		Release|Any CPU = Release|Any CPU
	EndGlobalSection
	GlobalSection(ProjectConfigurationPlatforms) = postSolution
		{71E3CEF4-9446-4FAD-B80A-65B97F47DDB0}.Debug|Any CPU.ActiveCfg = Debug|Any CPU
		{71E3CEF4-9446-4FAD-B80A-65B97F47DDB0}.Debug|Any CPU.Build.0 = Debug|Any CPU
		{71E3CEF4-9446-4FAD-B80A-65B97F47DDB0}.Release|Any CPU.ActiveCfg = Release|Any CPU
		{71E3CEF4-9446-4FAD-B80A-65B97F47DDB0}.Release|Any CPU.Build.0 = Release|Any CPU
		{143BDEEA-FD5B-4B80-9ACC-B3B0118C12D5}.Debug|Any CPU.ActiveCfg = Debug|Any CPU
		{143BDEEA-FD5B-4B80-9ACC-B3B0118C12D5}.Debug|Any CPU.Build.0 = Debug|Any CPU
		{143BDEEA-FD5B-4B80-9ACC-B3B0118C12D5}.Release|Any CPU.ActiveCfg = Release|Any CPU
		{143BDEEA-FD5B-4B80-9ACC-B3B0118C12D5}.Release|Any CPU.Build.0 = Release|Any CPU
		{0F7F46AA-E855-4AEE-8B65-EA49312269C2}.Debug|Any CPU.ActiveCfg = Debug|Any CPU
		{0F7F46AA-E855-4AEE-8B65-EA49312269C2}.Debug|Any CPU.Build.0 = Debug|Any CPU
		{0F7F46AA-E855-4AEE-8B65-EA49312269C2}.Release|Any CPU.ActiveCfg = Release|Any CPU
		{0F7F46AA-E855-4AEE-8B65-EA49312269C2}.Release|Any CPU.Build.0 = Release|Any CPU
		{20F18FEC-ED2B-4E8E-9364-778F87A841D3}.Debug|Any CPU.ActiveCfg = Debug|Any CPU
		{20F18FEC-ED2B-4E8E-9364-778F87A841D3}.Debug|Any CPU.Build.0 = Debug|Any CPU
		{20F18FEC-ED2B-4E8E-9364-778F87A841D3}.Release|Any CPU.ActiveCfg = Release|Any CPU
		{20F18FEC-ED2B-4E8E-9364-778F87A841D3}.Release|Any CPU.Build.0 = Release|Any CPU
		{81DD8F7D-6D03-4C33-A74B-6471259A7352}.Debug|Any CPU.ActiveCfg = Debug|Any CPU
		{81DD8F7D-6D03-4C33-A74B-6471259A7352}.Debug|Any CPU.Build.0 = Debug|Any CPU
		{81DD8F7D-6D03-4C33-A74B-6471259A7352}.Release|Any CPU.ActiveCfg = Release|Any CPU
		{81DD8F7D-6D03-4C33-A74B-6471259A7352}.Release|Any CPU.Build.0 = Release|Any CPU
		{A885FFDF-A626-4F82-896B-CCF2ED204C62}.Debug|Any CPU.ActiveCfg = Debug|Any CPU
		{A885FFDF-A626-4F82-896B-CCF2ED204C62}.Debug|Any CPU.Build.0 = Debug|Any CPU
		{A885FFDF-A626-4F82-896B-CCF2ED204C62}.Release|Any CPU.ActiveCfg = Release|Any CPU
		{A885FFDF-A626-4F82-896B-CCF2ED204C62}.Release|Any CPU.Build.0 = Release|Any CPU
		{40875B65-8424-47E7-AA58-D718EA6A9D1E}.Debug|Any CPU.ActiveCfg = Debug|Any CPU
		{40875B65-8424-47E7-AA58-D718EA6A9D1E}.Debug|Any CPU.Build.0 = Debug|Any CPU
		{40875B65-8424-47E7-AA58-D718EA6A9D1E}.Release|Any CPU.ActiveCfg = Release|Any CPU
		{40875B65-8424-47E7-AA58-D718EA6A9D1E}.Release|Any CPU.Build.0 = Release|Any CPU
		{D0CFC105-690C-42D6-B442-96A5F81D7347}.Debug|Any CPU.ActiveCfg = Debug|Any CPU
		{D0CFC105-690C-42D6-B442-96A5F81D7347}.Debug|Any CPU.Build.0 = Debug|Any CPU
		{D0CFC105-690C-42D6-B442-96A5F81D7347}.Release|Any CPU.ActiveCfg = Release|Any CPU
		{D0CFC105-690C-42D6-B442-96A5F81D7347}.Release|Any CPU.Build.0 = Release|Any CPU
		{82C2A91A-119B-4F6A-B3E2-665CA99B114B}.Debug|Any CPU.ActiveCfg = Debug|Any CPU
		{82C2A91A-119B-4F6A-B3E2-665CA99B114B}.Debug|Any CPU.Build.0 = Debug|Any CPU
		{82C2A91A-119B-4F6A-B3E2-665CA99B114B}.Release|Any CPU.ActiveCfg = Release|Any CPU
		{82C2A91A-119B-4F6A-B3E2-665CA99B114B}.Release|Any CPU.Build.0 = Release|Any CPU
		{8FAA1281-8795-44A7-9452-A3C5A8F30E2C}.Debug|Any CPU.ActiveCfg = Debug|Any CPU
		{8FAA1281-8795-44A7-9452-A3C5A8F30E2C}.Debug|Any CPU.Build.0 = Debug|Any CPU
		{8FAA1281-8795-44A7-9452-A3C5A8F30E2C}.Release|Any CPU.ActiveCfg = Release|Any CPU
		{8FAA1281-8795-44A7-9452-A3C5A8F30E2C}.Release|Any CPU.Build.0 = Release|Any CPU
		{59EBB488-3043-439C-9159-7E6870F6E204}.Debug|Any CPU.ActiveCfg = Debug|Any CPU
		{59EBB488-3043-439C-9159-7E6870F6E204}.Debug|Any CPU.Build.0 = Debug|Any CPU
		{59EBB488-3043-439C-9159-7E6870F6E204}.Release|Any CPU.ActiveCfg = Release|Any CPU
		{59EBB488-3043-439C-9159-7E6870F6E204}.Release|Any CPU.Build.0 = Release|Any CPU
		{667C3378-1D69-416D-AB78-B8EF08ED361C}.Debug|Any CPU.ActiveCfg = Debug|Any CPU
		{667C3378-1D69-416D-AB78-B8EF08ED361C}.Debug|Any CPU.Build.0 = Debug|Any CPU
		{667C3378-1D69-416D-AB78-B8EF08ED361C}.Release|Any CPU.ActiveCfg = Release|Any CPU
		{667C3378-1D69-416D-AB78-B8EF08ED361C}.Release|Any CPU.Build.0 = Release|Any CPU
		{D0DB57D2-093E-488A-956C-D83514B4861A}.Debug|Any CPU.ActiveCfg = Debug|Any CPU
		{D0DB57D2-093E-488A-956C-D83514B4861A}.Debug|Any CPU.Build.0 = Debug|Any CPU
		{D0DB57D2-093E-488A-956C-D83514B4861A}.Release|Any CPU.ActiveCfg = Release|Any CPU
		{D0DB57D2-093E-488A-956C-D83514B4861A}.Release|Any CPU.Build.0 = Release|Any CPU
		{D262F57A-23ED-4F6A-A9E5-AF8F53E4CE24}.Debug|Any CPU.ActiveCfg = Debug|Any CPU
		{D262F57A-23ED-4F6A-A9E5-AF8F53E4CE24}.Debug|Any CPU.Build.0 = Debug|Any CPU
		{D262F57A-23ED-4F6A-A9E5-AF8F53E4CE24}.Release|Any CPU.ActiveCfg = Release|Any CPU
		{D262F57A-23ED-4F6A-A9E5-AF8F53E4CE24}.Release|Any CPU.Build.0 = Release|Any CPU
	EndGlobalSection
	GlobalSection(SolutionProperties) = preSolution
		HideSolutionNode = FALSE
	EndGlobalSection
	GlobalSection(NestedProjects) = preSolution
		{C3833F36-F30D-4E1B-9097-21E555ECD539} = {02EA681E-C7D8-13C7-8484-4AC65E1B71E8}
		{71E3CEF4-9446-4FAD-B80A-65B97F47DDB0} = {C3833F36-F30D-4E1B-9097-21E555ECD539}
		{143BDEEA-FD5B-4B80-9ACC-B3B0118C12D5} = {C3833F36-F30D-4E1B-9097-21E555ECD539}
		{0F7F46AA-E855-4AEE-8B65-EA49312269C2} = {C3833F36-F30D-4E1B-9097-21E555ECD539}
		{7CA7075F-4D75-4978-BD94-B43A04533E08} = {02EA681E-C7D8-13C7-8484-4AC65E1B71E8}
		{20F18FEC-ED2B-4E8E-9364-778F87A841D3} = {7CA7075F-4D75-4978-BD94-B43A04533E08}
		{81DD8F7D-6D03-4C33-A74B-6471259A7352} = {58AC2173-5D68-4A43-8F25-F0E9A3284E45}
		{A885FFDF-A626-4F82-896B-CCF2ED204C62} = {58AC2173-5D68-4A43-8F25-F0E9A3284E45}
		{947DDA3F-95F0-4F01-9AC1-43C874779423} = {02EA681E-C7D8-13C7-8484-4AC65E1B71E8}
		{40875B65-8424-47E7-AA58-D718EA6A9D1E} = {C3833F36-F30D-4E1B-9097-21E555ECD539}
		{D0CFC105-690C-42D6-B442-96A5F81D7347} = {C3833F36-F30D-4E1B-9097-21E555ECD539}
		{82C2A91A-119B-4F6A-B3E2-665CA99B114B} = {947DDA3F-95F0-4F01-9AC1-43C874779423}
		{8FAA1281-8795-44A7-9452-A3C5A8F30E2C} = {C3833F36-F30D-4E1B-9097-21E555ECD539}
		{59EBB488-3043-439C-9159-7E6870F6E204} = {CECD2B3A-8036-4A1C-B9E1-E74E6E8691E2}
		{667C3378-1D69-416D-AB78-B8EF08ED361C} = {947DDA3F-95F0-4F01-9AC1-43C874779423}
		{D0DB57D2-093E-488A-956C-D83514B4861A} = {947DDA3F-95F0-4F01-9AC1-43C874779423}
		{D262F57A-23ED-4F6A-A9E5-AF8F53E4CE24} = {CECD2B3A-8036-4A1C-B9E1-E74E6E8691E2}
	EndGlobalSection
	GlobalSection(ExtensibilityGlobals) = postSolution
		SolutionGuid = {A8E24AFE-4B8F-4D0B-BB8C-FD23CE44D40C}
	EndGlobalSection
EndGlobal
