
Microsoft Visual Studio Solution File, Format Version 12.00
# Visual Studio Version 17
VisualStudioVersion = 17.2.32210.308
MinimumVisualStudioVersion = 10.0.40219.1
Project("{FAE04EC0-301F-11D3-BF4B-00C04F79EFBC}") = "RoyalCode.Yasamen.Demos.Wasm", "RoyalCode.Yasamen.Demos.Wasm\RoyalCode.Yasamen.Demos.Wasm.csproj", "{0A0E925C-B3E2-4E54-B02F-5BB566171296}"
EndProject
Global
	GlobalSection(SolutionConfigurationPlatforms) = preSolution
		Debug|Any CPU = Debug|Any CPU
		Release|Any CPU = Release|Any CPU
	EndGlobalSection
	GlobalSection(ProjectConfigurationPlatforms) = postSolution
		{0A0E925C-B3E2-4E54-B02F-5BB566171296}.Debug|Any CPU.ActiveCfg = Debug|Any CPU
		{0A0E925C-B3E2-4E54-B02F-5BB566171296}.Debug|Any CPU.Build.0 = Debug|Any CPU
		{0A0E925C-B3E2-4E54-B02F-5BB566171296}.Release|Any CPU.ActiveCfg = Release|Any CPU
		{0A0E925C-B3E2-4E54-B02F-5BB566171296}.Release|Any CPU.Build.0 = Release|Any CPU
	EndGlobalSection
	GlobalSection(SolutionProperties) = preSolution
		HideSolutionNode = FALSE
	EndGlobalSection
	GlobalSection(ExtensibilityGlobals) = postSolution
		SolutionGuid = {274B8D8D-7446-4563-A4F0-0000A0C7209B}
	EndGlobalSection
EndGlobal
