
Microsoft Visual Studio Solution File, Format Version 12.00
# Visual Studio Version 17
VisualStudioVersion = 17.2.32210.308
MinimumVisualStudioVersion = 10.0.40219.1
Project("{9A19103F-16F7-4668-BE54-9A1E7A4F7556}") = "RoyalCode.Yasamen.Demos.Wasm", "RoyalCode.Yasamen.Demos.Wasm\RoyalCode.Yasamen.Demos.Wasm.csproj", "{0A0E925C-B3E2-4E54-B02F-5BB566171296}"
EndProject
Project("{2150E333-8FDC-42A3-9474-1A3956D46DE8}") = "Apps", "Apps", "{C1EE0F8C-7FA0-47AC-82C9-A634489C6206}"
EndProject
Project("{2150E333-8FDC-42A3-9474-1A3956D46DE8}") = "Libs", "Libs", "{E2305804-FC03-4917-81A2-DAA052064C88}"
EndProject
Project("{9A19103F-16F7-4668-BE54-9A1E7A4F7556}") = "RoyalCode.Yasamen.Layout", "RoyalCode.Yasamen.Layout\RoyalCode.Yasamen.Layout.csproj", "{03273557-E1C5-4DA1-81B2-1248F0E1F048}"
EndProject
Project("{9A19103F-16F7-4668-BE54-9A1E7A4F7556}") = "RoyalCode.Yasamen.Commons", "RoyalCode.Yasamen.Commons\RoyalCode.Yasamen.Commons.csproj", "{40D9C988-B246-4B13-83BC-D4C767D82906}"
EndProject
Project("{9A19103F-16F7-4668-BE54-9A1E7A4F7556}") = "RoyalCode.Yasamen.Spinners", "RoyalCode.Yasamen.Spinners\RoyalCode.Yasamen.Spinners.csproj", "{F24A2296-ADC5-48DF-817A-3348FE2A82C2}"
EndProject
Project("{9A19103F-16F7-4668-BE54-9A1E7A4F7556}") = "RoyalCode.Yasamen.Layout.Admin", "RoyalCode.Yasamen.Layout.Admin\RoyalCode.Yasamen.Layout.Admin.csproj", "{21824EB1-BCD1-4EFD-91B2-B622644BEB05}"
EndProject
Project("{9A19103F-16F7-4668-BE54-9A1E7A4F7556}") = "RoyalCode.Yasamen.Components.OffCanvas", "RoyalCode.Yasamen.Components.OffCanvas\RoyalCode.Yasamen.Components.OffCanvas.csproj", "{8D7954A0-CAFB-482D-BC39-D5D487F3EE17}"
EndProject
Project("{9A19103F-16F7-4668-BE54-9A1E7A4F7556}") = "RoyalCode.Yasamen.Forms", "RoyalCode.Yasamen.Forms\RoyalCode.Yasamen.Forms.csproj", "{394A2681-C9A8-46E8-940B-E625E42A422D}"
EndProject
Project("{9A19103F-16F7-4668-BE54-9A1E7A4F7556}") = "RoyalCode.Yasamen.Services", "RoyalCode.Yasamen.Services\RoyalCode.Yasamen.Services.csproj", "{60068234-BAEE-4241-A3AD-ADB7B948E15A}"
EndProject
Project("{9A19103F-16F7-4668-BE54-9A1E7A4F7556}") = "RoyalCode.Yasamen.Localization", "RoyalCode.Yasamen.Localization\RoyalCode.Yasamen.Localization.csproj", "{76900310-AA26-4147-A4AF-77E709628268}"
EndProject
Project("{9A19103F-16F7-4668-BE54-9A1E7A4F7556}") = "RoyalCode.Yasamen.Forms.Flex", "RoyalCode.Yasamen.Forms.Flex\RoyalCode.Yasamen.Forms.Flex.csproj", "{551D1599-C871-4061-B575-407850D32C4D}"
EndProject
Project("{9A19103F-16F7-4668-BE54-9A1E7A4F7556}") = "RoyalCode.Yasamen.Icons", "RoyalCode.Yasamen.Icons\RoyalCode.Yasamen.Icons.csproj", "{515A76DF-7D91-43FB-AB69-CEAC30B66E9A}"
EndProject
Project("{9A19103F-16F7-4668-BE54-9A1E7A4F7556}") = "RoyalCode.Yasamen.Icons.Bootstrap", "RoyalCode.Yasamen.Icons.Bootstrap\RoyalCode.Yasamen.Icons.Bootstrap.csproj", "{D8AFCBC9-CE56-4108-AC8A-4D5C38E28927}"
EndProject
Project("{2150E333-8FDC-42A3-9474-1A3956D46DE8}") = ".items", ".items", "{246EC85B-93EF-435A-8290-054311804EA9}"
	ProjectSection(SolutionItems) = preProject
		base.targets = base.targets
		icon.png = icon.png
		version.targets = version.targets
	EndProjectSection
EndProject
Project("{2150E333-8FDC-42A3-9474-1A3956D46DE8}") = "Commons", "Commons", "{CA365A09-213D-4036-AD32-BF574EBB2015}"
EndProject
Project("{2150E333-8FDC-42A3-9474-1A3956D46DE8}") = "Forms", "Forms", "{0876AAC4-DD45-4F67-84FE-E2E897F09BE4}"
EndProject
Project("{2150E333-8FDC-42A3-9474-1A3956D46DE8}") = "Layouts", "Layouts", "{F1277BF3-D9AE-4F8D-B94C-67575BB2E902}"
EndProject
Project("{2150E333-8FDC-42A3-9474-1A3956D46DE8}") = "Components", "Components", "{9A2739B3-0033-4046-81CD-53BEC5E3360F}"
EndProject
Project("{2150E333-8FDC-42A3-9474-1A3956D46DE8}") = "Services", "Services", "{3C3259FC-1FFC-491C-8051-3F4569AE3D88}"
EndProject
Project("{9A19103F-16F7-4668-BE54-9A1E7A4F7556}") = "RoyalCode.Yasamen.Components.Alerts", "RoyalCode.Yasamen.Components.Alerts\RoyalCode.Yasamen.Components.Alerts.csproj", "{958A44BA-D631-4644-B9C4-7DC90ABC712E}"
EndProject
Project("{9A19103F-16F7-4668-BE54-9A1E7A4F7556}") = "RoyalCode.Yasamen.Animations", "RoyalCode.Yasamen.Animations\RoyalCode.Yasamen.Animations.csproj", "{1A69CAEF-5B3F-4516-8209-4AEFEFACF4E6}"
EndProject
Project("{9A19103F-16F7-4668-BE54-9A1E7A4F7556}") = "RoyalCode.Yasamen.Components.Buttons", "RoyalCode.Yasamen.Components.Buttons\RoyalCode.Yasamen.Components.Buttons.csproj", "{DCD495DB-E3D0-4069-B402-BEFBFB3B04CC}"
EndProject
Project("{FAE04EC0-301F-11D3-BF4B-00C04F79EFBC}") = "RoyalCode.Yasamen.Transformations", "RoyalCode.Yasamen.Transformations\RoyalCode.Yasamen.Transformations.csproj", "{D8C4ADD2-73EC-40E4-9FD2-24EC01362033}"
EndProject
Global
	GlobalSection(SolutionConfigurationPlatforms) = preSolution
		Debug|Any CPU = Debug|Any CPU
		Release|Any CPU = Release|Any CPU
	EndGlobalSection
	GlobalSection(ProjectConfigurationPlatforms) = postSolution
		{0A0E925C-B3E2-4E54-B02F-5BB566171296}.Debug|Any CPU.ActiveCfg = Debug|Any CPU
		{0A0E925C-B3E2-4E54-B02F-5BB566171296}.Debug|Any CPU.Build.0 = Debug|Any CPU
		{0A0E925C-B3E2-4E54-B02F-5BB566171296}.Release|Any CPU.ActiveCfg = Release|Any CPU
		{0A0E925C-B3E2-4E54-B02F-5BB566171296}.Release|Any CPU.Build.0 = Release|Any CPU
		{03273557-E1C5-4DA1-81B2-1248F0E1F048}.Debug|Any CPU.ActiveCfg = Debug|Any CPU
		{03273557-E1C5-4DA1-81B2-1248F0E1F048}.Debug|Any CPU.Build.0 = Debug|Any CPU
		{03273557-E1C5-4DA1-81B2-1248F0E1F048}.Release|Any CPU.ActiveCfg = Release|Any CPU
		{03273557-E1C5-4DA1-81B2-1248F0E1F048}.Release|Any CPU.Build.0 = Release|Any CPU
		{40D9C988-B246-4B13-83BC-D4C767D82906}.Debug|Any CPU.ActiveCfg = Debug|Any CPU
		{40D9C988-B246-4B13-83BC-D4C767D82906}.Debug|Any CPU.Build.0 = Debug|Any CPU
		{40D9C988-B246-4B13-83BC-D4C767D82906}.Release|Any CPU.ActiveCfg = Release|Any CPU
		{40D9C988-B246-4B13-83BC-D4C767D82906}.Release|Any CPU.Build.0 = Release|Any CPU
		{F24A2296-ADC5-48DF-817A-3348FE2A82C2}.Debug|Any CPU.ActiveCfg = Debug|Any CPU
		{F24A2296-ADC5-48DF-817A-3348FE2A82C2}.Debug|Any CPU.Build.0 = Debug|Any CPU
		{F24A2296-ADC5-48DF-817A-3348FE2A82C2}.Release|Any CPU.ActiveCfg = Release|Any CPU
		{F24A2296-ADC5-48DF-817A-3348FE2A82C2}.Release|Any CPU.Build.0 = Release|Any CPU
		{21824EB1-BCD1-4EFD-91B2-B622644BEB05}.Debug|Any CPU.ActiveCfg = Debug|Any CPU
		{21824EB1-BCD1-4EFD-91B2-B622644BEB05}.Debug|Any CPU.Build.0 = Debug|Any CPU
		{21824EB1-BCD1-4EFD-91B2-B622644BEB05}.Release|Any CPU.ActiveCfg = Release|Any CPU
		{21824EB1-BCD1-4EFD-91B2-B622644BEB05}.Release|Any CPU.Build.0 = Release|Any CPU
		{8D7954A0-CAFB-482D-BC39-D5D487F3EE17}.Debug|Any CPU.ActiveCfg = Debug|Any CPU
		{8D7954A0-CAFB-482D-BC39-D5D487F3EE17}.Debug|Any CPU.Build.0 = Debug|Any CPU
		{8D7954A0-CAFB-482D-BC39-D5D487F3EE17}.Release|Any CPU.ActiveCfg = Release|Any CPU
		{8D7954A0-CAFB-482D-BC39-D5D487F3EE17}.Release|Any CPU.Build.0 = Release|Any CPU
		{394A2681-C9A8-46E8-940B-E625E42A422D}.Debug|Any CPU.ActiveCfg = Debug|Any CPU
		{394A2681-C9A8-46E8-940B-E625E42A422D}.Debug|Any CPU.Build.0 = Debug|Any CPU
		{394A2681-C9A8-46E8-940B-E625E42A422D}.Release|Any CPU.ActiveCfg = Release|Any CPU
		{394A2681-C9A8-46E8-940B-E625E42A422D}.Release|Any CPU.Build.0 = Release|Any CPU
		{60068234-BAEE-4241-A3AD-ADB7B948E15A}.Debug|Any CPU.ActiveCfg = Debug|Any CPU
		{60068234-BAEE-4241-A3AD-ADB7B948E15A}.Debug|Any CPU.Build.0 = Debug|Any CPU
		{60068234-BAEE-4241-A3AD-ADB7B948E15A}.Release|Any CPU.ActiveCfg = Release|Any CPU
		{60068234-BAEE-4241-A3AD-ADB7B948E15A}.Release|Any CPU.Build.0 = Release|Any CPU
		{76900310-AA26-4147-A4AF-77E709628268}.Debug|Any CPU.ActiveCfg = Debug|Any CPU
		{76900310-AA26-4147-A4AF-77E709628268}.Debug|Any CPU.Build.0 = Debug|Any CPU
		{76900310-AA26-4147-A4AF-77E709628268}.Release|Any CPU.ActiveCfg = Release|Any CPU
		{76900310-AA26-4147-A4AF-77E709628268}.Release|Any CPU.Build.0 = Release|Any CPU
		{551D1599-C871-4061-B575-407850D32C4D}.Debug|Any CPU.ActiveCfg = Debug|Any CPU
		{551D1599-C871-4061-B575-407850D32C4D}.Debug|Any CPU.Build.0 = Debug|Any CPU
		{551D1599-C871-4061-B575-407850D32C4D}.Release|Any CPU.ActiveCfg = Release|Any CPU
		{551D1599-C871-4061-B575-407850D32C4D}.Release|Any CPU.Build.0 = Release|Any CPU
		{515A76DF-7D91-43FB-AB69-CEAC30B66E9A}.Debug|Any CPU.ActiveCfg = Debug|Any CPU
		{515A76DF-7D91-43FB-AB69-CEAC30B66E9A}.Debug|Any CPU.Build.0 = Debug|Any CPU
		{515A76DF-7D91-43FB-AB69-CEAC30B66E9A}.Release|Any CPU.ActiveCfg = Release|Any CPU
		{515A76DF-7D91-43FB-AB69-CEAC30B66E9A}.Release|Any CPU.Build.0 = Release|Any CPU
		{D8AFCBC9-CE56-4108-AC8A-4D5C38E28927}.Debug|Any CPU.ActiveCfg = Debug|Any CPU
		{D8AFCBC9-CE56-4108-AC8A-4D5C38E28927}.Debug|Any CPU.Build.0 = Debug|Any CPU
		{D8AFCBC9-CE56-4108-AC8A-4D5C38E28927}.Release|Any CPU.ActiveCfg = Release|Any CPU
		{D8AFCBC9-CE56-4108-AC8A-4D5C38E28927}.Release|Any CPU.Build.0 = Release|Any CPU
		{958A44BA-D631-4644-B9C4-7DC90ABC712E}.Debug|Any CPU.ActiveCfg = Debug|Any CPU
		{958A44BA-D631-4644-B9C4-7DC90ABC712E}.Debug|Any CPU.Build.0 = Debug|Any CPU
		{958A44BA-D631-4644-B9C4-7DC90ABC712E}.Release|Any CPU.ActiveCfg = Release|Any CPU
		{958A44BA-D631-4644-B9C4-7DC90ABC712E}.Release|Any CPU.Build.0 = Release|Any CPU
		{1A69CAEF-5B3F-4516-8209-4AEFEFACF4E6}.Debug|Any CPU.ActiveCfg = Debug|Any CPU
		{1A69CAEF-5B3F-4516-8209-4AEFEFACF4E6}.Debug|Any CPU.Build.0 = Debug|Any CPU
		{1A69CAEF-5B3F-4516-8209-4AEFEFACF4E6}.Release|Any CPU.ActiveCfg = Release|Any CPU
		{1A69CAEF-5B3F-4516-8209-4AEFEFACF4E6}.Release|Any CPU.Build.0 = Release|Any CPU
		{DCD495DB-E3D0-4069-B402-BEFBFB3B04CC}.Debug|Any CPU.ActiveCfg = Debug|Any CPU
		{DCD495DB-E3D0-4069-B402-BEFBFB3B04CC}.Debug|Any CPU.Build.0 = Debug|Any CPU
		{DCD495DB-E3D0-4069-B402-BEFBFB3B04CC}.Release|Any CPU.ActiveCfg = Release|Any CPU
		{DCD495DB-E3D0-4069-B402-BEFBFB3B04CC}.Release|Any CPU.Build.0 = Release|Any CPU
		{D8C4ADD2-73EC-40E4-9FD2-24EC01362033}.Debug|Any CPU.ActiveCfg = Debug|Any CPU
		{D8C4ADD2-73EC-40E4-9FD2-24EC01362033}.Debug|Any CPU.Build.0 = Debug|Any CPU
		{D8C4ADD2-73EC-40E4-9FD2-24EC01362033}.Release|Any CPU.ActiveCfg = Release|Any CPU
		{D8C4ADD2-73EC-40E4-9FD2-24EC01362033}.Release|Any CPU.Build.0 = Release|Any CPU
	EndGlobalSection
	GlobalSection(SolutionProperties) = preSolution
		HideSolutionNode = FALSE
	EndGlobalSection
	GlobalSection(NestedProjects) = preSolution
		{0A0E925C-B3E2-4E54-B02F-5BB566171296} = {C1EE0F8C-7FA0-47AC-82C9-A634489C6206}
		{03273557-E1C5-4DA1-81B2-1248F0E1F048} = {F1277BF3-D9AE-4F8D-B94C-67575BB2E902}
		{40D9C988-B246-4B13-83BC-D4C767D82906} = {CA365A09-213D-4036-AD32-BF574EBB2015}
		{F24A2296-ADC5-48DF-817A-3348FE2A82C2} = {CA365A09-213D-4036-AD32-BF574EBB2015}
		{21824EB1-BCD1-4EFD-91B2-B622644BEB05} = {F1277BF3-D9AE-4F8D-B94C-67575BB2E902}
		{8D7954A0-CAFB-482D-BC39-D5D487F3EE17} = {9A2739B3-0033-4046-81CD-53BEC5E3360F}
		{394A2681-C9A8-46E8-940B-E625E42A422D} = {0876AAC4-DD45-4F67-84FE-E2E897F09BE4}
		{60068234-BAEE-4241-A3AD-ADB7B948E15A} = {3C3259FC-1FFC-491C-8051-3F4569AE3D88}
		{76900310-AA26-4147-A4AF-77E709628268} = {CA365A09-213D-4036-AD32-BF574EBB2015}
		{551D1599-C871-4061-B575-407850D32C4D} = {0876AAC4-DD45-4F67-84FE-E2E897F09BE4}
		{515A76DF-7D91-43FB-AB69-CEAC30B66E9A} = {CA365A09-213D-4036-AD32-BF574EBB2015}
		{D8AFCBC9-CE56-4108-AC8A-4D5C38E28927} = {CA365A09-213D-4036-AD32-BF574EBB2015}
		{CA365A09-213D-4036-AD32-BF574EBB2015} = {E2305804-FC03-4917-81A2-DAA052064C88}
		{0876AAC4-DD45-4F67-84FE-E2E897F09BE4} = {E2305804-FC03-4917-81A2-DAA052064C88}
		{F1277BF3-D9AE-4F8D-B94C-67575BB2E902} = {E2305804-FC03-4917-81A2-DAA052064C88}
		{9A2739B3-0033-4046-81CD-53BEC5E3360F} = {E2305804-FC03-4917-81A2-DAA052064C88}
		{3C3259FC-1FFC-491C-8051-3F4569AE3D88} = {E2305804-FC03-4917-81A2-DAA052064C88}
		{958A44BA-D631-4644-B9C4-7DC90ABC712E} = {9A2739B3-0033-4046-81CD-53BEC5E3360F}
		{1A69CAEF-5B3F-4516-8209-4AEFEFACF4E6} = {CA365A09-213D-4036-AD32-BF574EBB2015}
		{DCD495DB-E3D0-4069-B402-BEFBFB3B04CC} = {9A2739B3-0033-4046-81CD-53BEC5E3360F}
		{D8C4ADD2-73EC-40E4-9FD2-24EC01362033} = {CA365A09-213D-4036-AD32-BF574EBB2015}
	EndGlobalSection
	GlobalSection(ExtensibilityGlobals) = postSolution
		SolutionGuid = {274B8D8D-7446-4563-A4F0-0000A0C7209B}
	EndGlobalSection
EndGlobal
